# This file is @generated by PDM.
# It is not intended for manual editing.

[metadata]
groups = ["default"]
strategy = ["inherit_metadata"]
lock_version = "4.5.0"
content_hash = "sha256:60a97747fc2b78c1769527510905132739043398fe16fe69c89e7b38b1ef38b5"

[[metadata.targets]]
requires_python = "==3.13.*"

[[package]]
name = "pycapnp"
version = "2.2.1"
requires_python = ">=3.8"
summary = "A cython wrapping of the C++ Cap'n Proto library"
groups = ["default"]
files = [
    {file = "pycapnp-2.2.1-cp313-cp313-macosx_10_13_x86_64.whl", hash = "sha256:fe58a968698ece0c9949358567dc39e57ff66c5229da10bcc6adacb9715a0f1d"},
    {file = "pycapnp-2.2.1-cp313-cp313-macosx_11_0_arm64.whl", hash = "sha256:1e4486deeda8b30235678308f1da35d15468e64f1d949814002fb11a19c9a9be"},
    {file = "pycapnp-2.2.1-cp313-cp313-manylinux_2_28_aarch64.whl", hash = "sha256:ed484e361b3c0a0f56cd955b4af5c84b8e184e14e356f4177cf7cfa9dddf49cb"},
    {file = "pycapnp-2.2.1-cp313-cp313-manylinux_2_28_i686.whl", hash = "sha256:5935f17c16e6117ba56fe7fa7388be0204765b82e74d0f630a34d8f2f832f0d0"},
    {file = "pycapnp-2.2.1-cp313-cp313-manylinux_2_28_ppc64le.whl", hash = "sha256:402368bfe9fb3924c9a4ff3c1778ba68defb6b67bbe579537a7129924c12b188"},
    {file = "pycapnp-2.2.1-cp313-cp313-manylinux_2_28_s390x.whl", hash = "sha256:4b2b7e1d42fefe61f538d93680b60f9883a7dfb8fad2e10d69c08bc9f20bd0d4"},
    {file = "pycapnp-2.2.1-cp313-cp313-manylinux_2_28_x86_64.whl", hash = "sha256:04b608e3303edc6d5ea1d8a4589bd957c5cb002019f2a21df98fd8b2f4158d66"},
    {file = "pycapnp-2.2.1-cp313-cp313-musllinux_1_2_aarch64.whl", hash = "sha256:084eb029ae265982c62018dc6a227557c4ef812cee87ae813fce46b8612a6a2f"},
    {file = "pycapnp-2.2.1-cp313-cp313-musllinux_1_2_i686.whl", hash = "sha256:06aca5c484cf5575b2ba531216945b6c9495099812feb6ef49d09ae0dff32719"},
    {file = "pycapnp-2.2.1-cp313-cp313-musllinux_1_2_ppc64le.whl", hash = "sha256:560c275e1b45e7bfe264a6a32aa37ce96c996b5b7864ceba98718d4200158b63"},
    {file = "pycapnp-2.2.1-cp313-cp313-musllinux_1_2_s390x.whl", hash = "sha256:50b68f57211245bd8f6f908720a096227450342f91e5a6f99bb3dfd9a2bf2207"},
    {file = "pycapnp-2.2.1-cp313-cp313-musllinux_1_2_x86_64.whl", hash = "sha256:02423e40d854336e73dd438b7454ec148139324ff25b04f0c9ca4a229938103c"},
    {file = "pycapnp-2.2.1-cp313-cp313-win32.whl", hash = "sha256:37441f85a2bb7246d406e4cf319fc7bf059403a7527c24c1e1315ab82b785ab5"},
    {file = "pycapnp-2.2.1-cp313-cp313-win_amd64.whl", hash = "sha256:6f859fefdfddb543cb76995d298ea6e2c6439df80fd2a0e5e0a6734ec65c8c7c"},
    {file = "pycapnp-2.2.1.tar.gz", hash = "sha256:a76432667bfb1e56b69fcc5bca4be7c72e1ac0f6ab57583857dc5d5293045451"},
]
